
Microsoft Visual Studio Solution File, Format Version 12.00
# Visual Studio Version 17
VisualStudioVersion = 17.2.32616.157
MinimumVisualStudioVersion = 10.0.40219.1
Project("{9A19103F-16F7-4668-BE54-9A1E7A4F7556}") = "Add Two Numbers", "Add Two Numbers\Add Two Numbers.csproj", "{D3B8C25D-05F2-4CD6-BF74-FDFC3EBCAF10}"
EndProject
Project("{FAE04EC0-301F-11D3-BF4B-00C04F79EFBC}") = "Add Two Numbers.Test", "Add Two Numbers.Test\Add Two Numbers.Test.csproj", "{4CD7F91E-C4B8-4A44-8D17-EA562876A72C}"
EndProject
Global
	GlobalSection(SolutionConfigurationPlatforms) = preSolution
		Debug|Any CPU = Debug|Any CPU
		Release|Any CPU = Release|Any CPU
	EndGlobalSection
	GlobalSection(ProjectConfigurationPlatforms) = postSolution
		{D3B8C25D-05F2-4CD6-BF74-FDFC3EBCAF10}.Debug|Any CPU.ActiveCfg = Debug|Any CPU
		{D3B8C25D-05F2-4CD6-BF74-FDFC3EBCAF10}.Debug|Any CPU.Build.0 = Debug|Any CPU
		{D3B8C25D-05F2-4CD6-BF74-FDFC3EBCAF10}.Release|Any CPU.ActiveCfg = Release|Any CPU
		{D3B8C25D-05F2-4CD6-BF74-FDFC3EBCAF10}.Release|Any CPU.Build.0 = Release|Any CPU
		{4CD7F91E-C4B8-4A44-8D17-EA562876A72C}.Debug|Any CPU.ActiveCfg = Debug|Any CPU
		{4CD7F91E-C4B8-4A44-8D17-EA562876A72C}.Debug|Any CPU.Build.0 = Debug|Any CPU
		{4CD7F91E-C4B8-4A44-8D17-EA562876A72C}.Release|Any CPU.ActiveCfg = Release|Any CPU
		{4CD7F91E-C4B8-4A44-8D17-EA562876A72C}.Release|Any CPU.Build.0 = Release|Any CPU
	EndGlobalSection
	GlobalSection(SolutionProperties) = preSolution
		HideSolutionNode = FALSE
	EndGlobalSection
	GlobalSection(ExtensibilityGlobals) = postSolution
		SolutionGuid = {60ABB37C-B37B-4C34-A1C0-457D65D81D15}
	EndGlobalSection
EndGlobal
